
Microsoft Visual Studio Solution File, Format Version 12.00
# Visual Studio 15
VisualStudioVersion = 15.0.28307.329
MinimumVisualStudioVersion = 10.0.40219.1
Project("{FAE04EC0-301F-11D3-BF4B-00C04F79EFBC}") = "Preglednik_Teksta", "Preglednik_Teksta\Preglednik_Teksta.csproj", "{87EC6F7F-F1C9-43DA-B126-96BA33C5BA50}"
EndProject
Global
	GlobalSection(SolutionConfigurationPlatforms) = preSolution
		Debug|Any CPU = Debug|Any CPU
		Release|Any CPU = Release|Any CPU
	EndGlobalSection
	GlobalSection(ProjectConfigurationPlatforms) = postSolution
		{87EC6F7F-F1C9-43DA-B126-96BA33C5BA50}.Debug|Any CPU.ActiveCfg = Debug|Any CPU
		{87EC6F7F-F1C9-43DA-B126-96BA33C5BA50}.Debug|Any CPU.Build.0 = Debug|Any CPU
		{87EC6F7F-F1C9-43DA-B126-96BA33C5BA50}.Release|Any CPU.ActiveCfg = Release|Any CPU
		{87EC6F7F-F1C9-43DA-B126-96BA33C5BA50}.Release|Any CPU.Build.0 = Release|Any CPU
	EndGlobalSection
	GlobalSection(SolutionProperties) = preSolution
		HideSolutionNode = FALSE
	EndGlobalSection
	GlobalSection(ExtensibilityGlobals) = postSolution
		SolutionGuid = {B707D2A9-75A7-4577-AA7B-176D5525DE97}
	EndGlobalSection
EndGlobal
